
Microsoft Visual Studio Solution File, Format Version 12.00
# Visual Studio Version 16
VisualStudioVersion = 16.0.29905.134
MinimumVisualStudioVersion = 10.0.40219.1
Project("{9A19103F-16F7-4668-BE54-9A1E7A4F7556}") = "Lsw.Abp.AspNetCore.Mvc.UI.Theme.Stisla", "src\Lsw.Abp.AspNetCore.Mvc.UI.Theme.Stisla.csproj", "{5759DE11-515F-49B2-8AAD-40281C438CD5}"
EndProject
Global
	GlobalSection(SolutionConfigurationPlatforms) = preSolution
		Debug|Any CPU = Debug|Any CPU
		Release|Any CPU = Release|Any CPU
	EndGlobalSection
	GlobalSection(ProjectConfigurationPlatforms) = postSolution
		{5759DE11-515F-49B2-8AAD-40281C438CD5}.Debug|Any CPU.ActiveCfg = Debug|Any CPU
		{5759DE11-515F-49B2-8AAD-40281C438CD5}.Debug|Any CPU.Build.0 = Debug|Any CPU
		{5759DE11-515F-49B2-8AAD-40281C438CD5}.Release|Any CPU.ActiveCfg = Release|Any CPU
		{5759DE11-515F-49B2-8AAD-40281C438CD5}.Release|Any CPU.Build.0 = Release|Any CPU
	EndGlobalSection
	GlobalSection(SolutionProperties) = preSolution
		HideSolutionNode = FALSE
	EndGlobalSection
	GlobalSection(ExtensibilityGlobals) = postSolution
		SolutionGuid = {A8B6676E-F0B1-4C7C-813B-453F2F23ECE3}
	EndGlobalSection
EndGlobal
